
Microsoft Visual Studio Solution File, Format Version 12.00
# Visual Studio 15
VisualStudioVersion = 15.0.28307.645
MinimumVisualStudioVersion = 10.0.40219.1
Project("{FAE04EC0-301F-11D3-BF4B-00C04F79EFBC}") = "GZipUtils", "GZipMutliThread\GZipUtils.csproj", "{64921767-E71C-4A6C-9CA7-6A8D12FB8DCF}"
EndProject
Project("{FAE04EC0-301F-11D3-BF4B-00C04F79EFBC}") = "Test", "Test\Test.csproj", "{15F2F7F8-976D-47E5-BE11-561711780FCA}"
EndProject
Global
	GlobalSection(SolutionConfigurationPlatforms) = preSolution
		Debug|Any CPU = Debug|Any CPU
		Release|Any CPU = Release|Any CPU
	EndGlobalSection
	GlobalSection(ProjectConfigurationPlatforms) = postSolution
		{64921767-E71C-4A6C-9CA7-6A8D12FB8DCF}.Debug|Any CPU.ActiveCfg = Debug|Any CPU
		{64921767-E71C-4A6C-9CA7-6A8D12FB8DCF}.Debug|Any CPU.Build.0 = Debug|Any CPU
		{64921767-E71C-4A6C-9CA7-6A8D12FB8DCF}.Release|Any CPU.ActiveCfg = Release|Any CPU
		{64921767-E71C-4A6C-9CA7-6A8D12FB8DCF}.Release|Any CPU.Build.0 = Release|Any CPU
		{15F2F7F8-976D-47E5-BE11-561711780FCA}.Debug|Any CPU.ActiveCfg = Debug|Any CPU
		{15F2F7F8-976D-47E5-BE11-561711780FCA}.Debug|Any CPU.Build.0 = Debug|Any CPU
		{15F2F7F8-976D-47E5-BE11-561711780FCA}.Release|Any CPU.ActiveCfg = Release|Any CPU
		{15F2F7F8-976D-47E5-BE11-561711780FCA}.Release|Any CPU.Build.0 = Release|Any CPU
	EndGlobalSection
	GlobalSection(SolutionProperties) = preSolution
		HideSolutionNode = FALSE
	EndGlobalSection
	GlobalSection(ExtensibilityGlobals) = postSolution
		SolutionGuid = {69D8FE33-EC29-4C24-8843-C4DA3B5ED8D2}
	EndGlobalSection
EndGlobal
